
Microsoft Visual Studio Solution File, Format Version 12.00
# Visual Studio Version 17
VisualStudioVersion = 17.0.31903.59
MinimumVisualStudioVersion = 10.0.40219.1
Project("{2150E333-8FDC-42A3-9474-1A3956D46DE8}") = "src", "src", "{827E0CD3-B72D-47B6-A68D-7590B98EB39B}"
EndProject
Project("{FAE04EC0-301F-11D3-BF4B-00C04F79EFBC}") = "Inventory.Api", "src\Inventory.Api\Inventory.Api.csproj", "{73ADDDA4-8E69-4623-8C77-77F443B8D394}"
EndProject
Project("{FAE04EC0-301F-11D3-BF4B-00C04F79EFBC}") = "Inventory.Application", "src\Inventory.Application\Inventory.Application.csproj", "{FEF3A155-56BB-4FE4-BAF7-D100FB7E860E}"
EndProject
Project("{FAE04EC0-301F-11D3-BF4B-00C04F79EFBC}") = "Inventory.Domain", "src\Inventory.Domain\Inventory.Domain.csproj", "{7B0EA757-552A-4075-BBFE-022AA4751FC9}"
EndProject
Project("{FAE04EC0-301F-11D3-BF4B-00C04F79EFBC}") = "Inventory.Infrastructure", "src\Inventory.Infrastructure\Inventory.Infrastructure.csproj", "{907CC9C4-7BFD-4971-951F-451733154B10}"
EndProject
Project("{2150E333-8FDC-42A3-9474-1A3956D46DE8}") = "tests", "tests", "{0AB3BF05-4346-4AA6-1389-037BE0695223}"
EndProject
Project("{FAE04EC0-301F-11D3-BF4B-00C04F79EFBC}") = "Inventory.IntegrationTests", "tests\Inventory.IntegrationTests\Inventory.IntegrationTests.csproj", "{96236CF1-120D-4795-97FC-3F03A8F075C8}"
EndProject
Project("{FAE04EC0-301F-11D3-BF4B-00C04F79EFBC}") = "Inventory.UnitTests", "tests\Inventory.UnitTests\Inventory.UnitTests.csproj", "{7E0766E3-8507-4336-A8BA-8BD6F2DC2790}"
EndProject
Global
	GlobalSection(SolutionConfigurationPlatforms) = preSolution
		Debug|Any CPU = Debug|Any CPU
		Debug|x64 = Debug|x64
		Debug|x86 = Debug|x86
		Release|Any CPU = Release|Any CPU
		Release|x64 = Release|x64
		Release|x86 = Release|x86
	EndGlobalSection
	GlobalSection(ProjectConfigurationPlatforms) = postSolution
		{73ADDDA4-8E69-4623-8C77-77F443B8D394}.Debug|Any CPU.ActiveCfg = Debug|Any CPU
		{73ADDDA4-8E69-4623-8C77-77F443B8D394}.Debug|Any CPU.Build.0 = Debug|Any CPU
		{73ADDDA4-8E69-4623-8C77-77F443B8D394}.Debug|x64.ActiveCfg = Debug|Any CPU
		{73ADDDA4-8E69-4623-8C77-77F443B8D394}.Debug|x64.Build.0 = Debug|Any CPU
		{73ADDDA4-8E69-4623-8C77-77F443B8D394}.Debug|x86.ActiveCfg = Debug|Any CPU
		{73ADDDA4-8E69-4623-8C77-77F443B8D394}.Debug|x86.Build.0 = Debug|Any CPU
		{73ADDDA4-8E69-4623-8C77-77F443B8D394}.Release|Any CPU.ActiveCfg = Release|Any CPU
		{73ADDDA4-8E69-4623-8C77-77F443B8D394}.Release|Any CPU.Build.0 = Release|Any CPU
		{73ADDDA4-8E69-4623-8C77-77F443B8D394}.Release|x64.ActiveCfg = Release|Any CPU
		{73ADDDA4-8E69-4623-8C77-77F443B8D394}.Release|x64.Build.0 = Release|Any CPU
		{73ADDDA4-8E69-4623-8C77-77F443B8D394}.Release|x86.ActiveCfg = Release|Any CPU
		{73ADDDA4-8E69-4623-8C77-77F443B8D394}.Release|x86.Build.0 = Release|Any CPU
		{FEF3A155-56BB-4FE4-BAF7-D100FB7E860E}.Debug|Any CPU.ActiveCfg = Debug|Any CPU
		{FEF3A155-56BB-4FE4-BAF7-D100FB7E860E}.Debug|Any CPU.Build.0 = Debug|Any CPU
		{FEF3A155-56BB-4FE4-BAF7-D100FB7E860E}.Debug|x64.ActiveCfg = Debug|Any CPU
		{FEF3A155-56BB-4FE4-BAF7-D100FB7E860E}.Debug|x64.Build.0 = Debug|Any CPU
		{FEF3A155-56BB-4FE4-BAF7-D100FB7E860E}.Debug|x86.ActiveCfg = Debug|Any CPU
		{FEF3A155-56BB-4FE4-BAF7-D100FB7E860E}.Debug|x86.Build.0 = Debug|Any CPU
		{FEF3A155-56BB-4FE4-BAF7-D100FB7E860E}.Release|Any CPU.ActiveCfg = Release|Any CPU
		{FEF3A155-56BB-4FE4-BAF7-D100FB7E860E}.Release|Any CPU.Build.0 = Release|Any CPU
		{FEF3A155-56BB-4FE4-BAF7-D100FB7E860E}.Release|x64.ActiveCfg = Release|Any CPU
		{FEF3A155-56BB-4FE4-BAF7-D100FB7E860E}.Release|x64.Build.0 = Release|Any CPU
		{FEF3A155-56BB-4FE4-BAF7-D100FB7E860E}.Release|x86.ActiveCfg = Release|Any CPU
		{FEF3A155-56BB-4FE4-BAF7-D100FB7E860E}.Release|x86.Build.0 = Release|Any CPU
		{7B0EA757-552A-4075-BBFE-022AA4751FC9}.Debug|Any CPU.ActiveCfg = Debug|Any CPU
		{7B0EA757-552A-4075-BBFE-022AA4751FC9}.Debug|Any CPU.Build.0 = Debug|Any CPU
		{7B0EA757-552A-4075-BBFE-022AA4751FC9}.Debug|x64.ActiveCfg = Debug|Any CPU
		{7B0EA757-552A-4075-BBFE-022AA4751FC9}.Debug|x64.Build.0 = Debug|Any CPU
		{7B0EA757-552A-4075-BBFE-022AA4751FC9}.Debug|x86.ActiveCfg = Debug|Any CPU
		{7B0EA757-552A-4075-BBFE-022AA4751FC9}.Debug|x86.Build.0 = Debug|Any CPU
		{7B0EA757-552A-4075-BBFE-022AA4751FC9}.Release|Any CPU.ActiveCfg = Release|Any CPU
		{7B0EA757-552A-4075-BBFE-022AA4751FC9}.Release|Any CPU.Build.0 = Release|Any CPU
		{7B0EA757-552A-4075-BBFE-022AA4751FC9}.Release|x64.ActiveCfg = Release|Any CPU
		{7B0EA757-552A-4075-BBFE-022AA4751FC9}.Release|x64.Build.0 = Release|Any CPU
		{7B0EA757-552A-4075-BBFE-022AA4751FC9}.Release|x86.ActiveCfg = Release|Any CPU
		{7B0EA757-552A-4075-BBFE-022AA4751FC9}.Release|x86.Build.0 = Release|Any CPU
		{907CC9C4-7BFD-4971-951F-451733154B10}.Debug|Any CPU.ActiveCfg = Debug|Any CPU
		{907CC9C4-7BFD-4971-951F-451733154B10}.Debug|Any CPU.Build.0 = Debug|Any CPU
		{907CC9C4-7BFD-4971-951F-451733154B10}.Debug|x64.ActiveCfg = Debug|Any CPU
		{907CC9C4-7BFD-4971-951F-451733154B10}.Debug|x64.Build.0 = Debug|Any CPU
		{907CC9C4-7BFD-4971-951F-451733154B10}.Debug|x86.ActiveCfg = Debug|Any CPU
		{907CC9C4-7BFD-4971-951F-451733154B10}.Debug|x86.Build.0 = Debug|Any CPU
		{907CC9C4-7BFD-4971-951F-451733154B10}.Release|Any CPU.ActiveCfg = Release|Any CPU
		{907CC9C4-7BFD-4971-951F-451733154B10}.Release|Any CPU.Build.0 = Release|Any CPU
		{907CC9C4-7BFD-4971-951F-451733154B10}.Release|x64.ActiveCfg = Release|Any CPU
		{907CC9C4-7BFD-4971-951F-451733154B10}.Release|x64.Build.0 = Release|Any CPU
		{907CC9C4-7BFD-4971-951F-451733154B10}.Release|x86.ActiveCfg = Release|Any CPU
		{907CC9C4-7BFD-4971-951F-451733154B10}.Release|x86.Build.0 = Release|Any CPU
		{96236CF1-120D-4795-97FC-3F03A8F075C8}.Debug|Any CPU.ActiveCfg = Debug|Any CPU
		{96236CF1-120D-4795-97FC-3F03A8F075C8}.Debug|Any CPU.Build.0 = Debug|Any CPU
		{96236CF1-120D-4795-97FC-3F03A8F075C8}.Debug|x64.ActiveCfg = Debug|Any CPU
		{96236CF1-120D-4795-97FC-3F03A8F075C8}.Debug|x64.Build.0 = Debug|Any CPU
		{96236CF1-120D-4795-97FC-3F03A8F075C8}.Debug|x86.ActiveCfg = Debug|Any CPU
		{96236CF1-120D-4795-97FC-3F03A8F075C8}.Debug|x86.Build.0 = Debug|Any CPU
		{96236CF1-120D-4795-97FC-3F03A8F075C8}.Release|Any CPU.ActiveCfg = Release|Any CPU
		{96236CF1-120D-4795-97FC-3F03A8F075C8}.Release|Any CPU.Build.0 = Release|Any CPU
		{96236CF1-120D-4795-97FC-3F03A8F075C8}.Release|x64.ActiveCfg = Release|Any CPU
		{96236CF1-120D-4795-97FC-3F03A8F075C8}.Release|x64.Build.0 = Release|Any CPU
		{96236CF1-120D-4795-97FC-3F03A8F075C8}.Release|x86.ActiveCfg = Release|Any CPU
		{96236CF1-120D-4795-97FC-3F03A8F075C8}.Release|x86.Build.0 = Release|Any CPU
		{7E0766E3-8507-4336-A8BA-8BD6F2DC2790}.Debug|Any CPU.ActiveCfg = Debug|Any CPU
		{7E0766E3-8507-4336-A8BA-8BD6F2DC2790}.Debug|Any CPU.Build.0 = Debug|Any CPU
		{7E0766E3-8507-4336-A8BA-8BD6F2DC2790}.Debug|x64.ActiveCfg = Debug|Any CPU
		{7E0766E3-8507-4336-A8BA-8BD6F2DC2790}.Debug|x64.Build.0 = Debug|Any CPU
		{7E0766E3-8507-4336-A8BA-8BD6F2DC2790}.Debug|x86.ActiveCfg = Debug|Any CPU
		{7E0766E3-8507-4336-A8BA-8BD6F2DC2790}.Debug|x86.Build.0 = Debug|Any CPU
		{7E0766E3-8507-4336-A8BA-8BD6F2DC2790}.Release|Any CPU.ActiveCfg = Release|Any CPU
		{7E0766E3-8507-4336-A8BA-8BD6F2DC2790}.Release|Any CPU.Build.0 = Release|Any CPU
		{7E0766E3-8507-4336-A8BA-8BD6F2DC2790}.Release|x64.ActiveCfg = Release|Any CPU
		{7E0766E3-8507-4336-A8BA-8BD6F2DC2790}.Release|x64.Build.0 = Release|Any CPU
		{7E0766E3-8507-4336-A8BA-8BD6F2DC2790}.Release|x86.ActiveCfg = Release|Any CPU
		{7E0766E3-8507-4336-A8BA-8BD6F2DC2790}.Release|x86.Build.0 = Release|Any CPU
	EndGlobalSection
	GlobalSection(SolutionProperties) = preSolution
		HideSolutionNode = FALSE
	EndGlobalSection
	GlobalSection(NestedProjects) = preSolution
		{73ADDDA4-8E69-4623-8C77-77F443B8D394} = {827E0CD3-B72D-47B6-A68D-7590B98EB39B}
		{FEF3A155-56BB-4FE4-BAF7-D100FB7E860E} = {827E0CD3-B72D-47B6-A68D-7590B98EB39B}
		{7B0EA757-552A-4075-BBFE-022AA4751FC9} = {827E0CD3-B72D-47B6-A68D-7590B98EB39B}
		{907CC9C4-7BFD-4971-951F-451733154B10} = {827E0CD3-B72D-47B6-A68D-7590B98EB39B}
		{96236CF1-120D-4795-97FC-3F03A8F075C8} = {0AB3BF05-4346-4AA6-1389-037BE0695223}
		{7E0766E3-8507-4336-A8BA-8BD6F2DC2790} = {0AB3BF05-4346-4AA6-1389-037BE0695223}
	EndGlobalSection
EndGlobal
